// !$*UTF8*$!
{
	archiveVersion = 1;
	classes = {
	};
	objectVersion = 46;
	objects = {

/* Begin PBXBuildFile section */
		921A87D61C58FE0800D62352 /* MaterialButton.swift in Sources */ = {isa = PBXBuildFile; fileRef = 921A87D51C58FE0800D62352 /* MaterialButton.swift */; };
		921A87D81C59000F00D62352 /* MaterialView.swift in Sources */ = {isa = PBXBuildFile; fileRef = 921A87D71C59000F00D62352 /* MaterialView.swift */; };
		921A87DA1C59011E00D62352 /* MaterialTextField.swift in Sources */ = {isa = PBXBuildFile; fileRef = 921A87D91C59011E00D62352 /* MaterialTextField.swift */; };
		921A87DC1C5905D100D62352 /* Constants.swift in Sources */ = {isa = PBXBuildFile; fileRef = 921A87DB1C5905D100D62352 /* Constants.swift */; };
		921A87E01C591AE400D62352 /* DataService.swift in Sources */ = {isa = PBXBuildFile; fileRef = 921A87DF1C591AE400D62352 /* DataService.swift */; };
		921A87E21C5929F300D62352 /* SignupVC.swift in Sources */ = {isa = PBXBuildFile; fileRef = 921A87E11C5929F300D62352 /* SignupVC.swift */; };
		92A34E081C57C13500B734A2 /* AppDelegate.swift in Sources */ = {isa = PBXBuildFile; fileRef = 92A34E071C57C13500B734A2 /* AppDelegate.swift */; };
		92A34E0A1C57C13500B734A2 /* ViewController.swift in Sources */ = {isa = PBXBuildFile; fileRef = 92A34E091C57C13500B734A2 /* ViewController.swift */; };
		92A34E0D1C57C13500B734A2 /* Main.storyboard in Resources */ = {isa = PBXBuildFile; fileRef = 92A34E0B1C57C13500B734A2 /* Main.storyboard */; };
		92A34E0F1C57C13500B734A2 /* Assets.xcassets in Resources */ = {isa = PBXBuildFile; fileRef = 92A34E0E1C57C13500B734A2 /* Assets.xcassets */; };
		92A34E121C57C13500B734A2 /* LaunchScreen.storyboard in Resources */ = {isa = PBXBuildFile; fileRef = 92A34E101C57C13500B734A2 /* LaunchScreen.storyboard */; };
		92A34E231C57E0EB00B734A2 /* NotoSans-Bold.ttf in Resources */ = {isa = PBXBuildFile; fileRef = 92A34E1F1C57E0EB00B734A2 /* NotoSans-Bold.ttf */; };
		92A34E241C57E0EB00B734A2 /* NotoSans-BoldItalic.ttf in Resources */ = {isa = PBXBuildFile; fileRef = 92A34E201C57E0EB00B734A2 /* NotoSans-BoldItalic.ttf */; };
		92A34E251C57E0EB00B734A2 /* NotoSans-Italic.ttf in Resources */ = {isa = PBXBuildFile; fileRef = 92A34E211C57E0EB00B734A2 /* NotoSans-Italic.ttf */; };
		92A34E261C57E0EB00B734A2 /* NotoSans-Regular.ttf in Resources */ = {isa = PBXBuildFile; fileRef = 92A34E221C57E0EB00B734A2 /* NotoSans-Regular.ttf */; };
		C4C301E653B2F7881D71F0B5 /* Pods_pin_on_2.framework in Frameworks */ = {isa = PBXBuildFile; fileRef = 15D9B78533A4F22EA104F696 /* Pods_pin_on_2.framework */; };
/* End PBXBuildFile section */

/* Begin PBXFileReference section */
		15D9B78533A4F22EA104F696 /* Pods_pin_on_2.framework */ = {isa = PBXFileReference; explicitFileType = wrapper.framework; includeInIndex = 0; path = Pods_pin_on_2.framework; sourceTree = BUILT_PRODUCTS_DIR; };
		921A87D51C58FE0800D62352 /* MaterialButton.swift */ = {isa = PBXFileReference; fileEncoding = 4; lastKnownFileType = sourcecode.swift; path = MaterialButton.swift; sourceTree = "<group>"; };
		921A87D71C59000F00D62352 /* MaterialView.swift */ = {isa = PBXFileReference; fileEncoding = 4; lastKnownFileType = sourcecode.swift; path = MaterialView.swift; sourceTree = "<group>"; };
		921A87D91C59011E00D62352 /* MaterialTextField.swift */ = {isa = PBXFileReference; fileEncoding = 4; lastKnownFileType = sourcecode.swift; path = MaterialTextField.swift; sourceTree = "<group>"; };
		921A87DB1C5905D100D62352 /* Constants.swift */ = {isa = PBXFileReference; fileEncoding = 4; lastKnownFileType = sourcecode.swift; path = Constants.swift; sourceTree = "<group>"; };
		921A87DF1C591AE400D62352 /* DataService.swift */ = {isa = PBXFileReference; fileEncoding = 4; lastKnownFileType = sourcecode.swift; path = DataService.swift; sourceTree = "<group>"; };
		921A87E11C5929F300D62352 /* SignupVC.swift */ = {isa = PBXFileReference; fileEncoding = 4; lastKnownFileType = sourcecode.swift; path = SignupVC.swift; sourceTree = "<group>"; };
		92A34E041C57C13500B734A2 /* pin-on-2.app */ = {isa = PBXFileReference; explicitFileType = wrapper.application; includeInIndex = 0; path = "pin-on-2.app"; sourceTree = BUILT_PRODUCTS_DIR; };
		92A34E071C57C13500B734A2 /* AppDelegate.swift */ = {isa = PBXFileReference; lastKnownFileType = sourcecode.swift; path = AppDelegate.swift; sourceTree = "<group>"; };
		92A34E091C57C13500B734A2 /* ViewController.swift */ = {isa = PBXFileReference; lastKnownFileType = sourcecode.swift; path = ViewController.swift; sourceTree = "<group>"; };
		92A34E0C1C57C13500B734A2 /* Base */ = {isa = PBXFileReference; lastKnownFileType = file.storyboard; name = Base; path = Base.lproj/Main.storyboard; sourceTree = "<group>"; };
		92A34E0E1C57C13500B734A2 /* Assets.xcassets */ = {isa = PBXFileReference; lastKnownFileType = folder.assetcatalog; path = Assets.xcassets; sourceTree = "<group>"; };
		92A34E111C57C13500B734A2 /* Base */ = {isa = PBXFileReference; lastKnownFileType = file.storyboard; name = Base; path = Base.lproj/LaunchScreen.storyboard; sourceTree = "<group>"; };
		92A34E131C57C13500B734A2 /* Info.plist */ = {isa = PBXFileReference; lastKnownFileType = text.plist.xml; path = Info.plist; sourceTree = "<group>"; };
		92A34E1F1C57E0EB00B734A2 /* NotoSans-Bold.ttf */ = {isa = PBXFileReference; lastKnownFileType = file; path = "NotoSans-Bold.ttf"; sourceTree = "<group>"; };
		92A34E201C57E0EB00B734A2 /* NotoSans-BoldItalic.ttf */ = {isa = PBXFileReference; lastKnownFileType = file; path = "NotoSans-BoldItalic.ttf"; sourceTree = "<group>"; };
		92A34E211C57E0EB00B734A2 /* NotoSans-Italic.ttf */ = {isa = PBXFileReference; lastKnownFileType = file; path = "NotoSans-Italic.ttf"; sourceTree = "<group>"; };
		92A34E221C57E0EB00B734A2 /* NotoSans-Regular.ttf */ = {isa = PBXFileReference; lastKnownFileType = file; path = "NotoSans-Regular.ttf"; sourceTree = "<group>"; };
		97F72FE103306D0E3AD85024 /* Pods-pin-on-2.release.xcconfig */ = {isa = PBXFileReference; includeInIndex = 1; lastKnownFileType = text.xcconfig; name = "Pods-pin-on-2.release.xcconfig"; path = "Pods/Target Support Files/Pods-pin-on-2/Pods-pin-on-2.release.xcconfig"; sourceTree = "<group>"; };
		9C21D70F2139C87FAC11FA9E /* Pods-pin-on-2.debug.xcconfig */ = {isa = PBXFileReference; includeInIndex = 1; lastKnownFileType = text.xcconfig; name = "Pods-pin-on-2.debug.xcconfig"; path = "Pods/Target Support Files/Pods-pin-on-2/Pods-pin-on-2.debug.xcconfig"; sourceTree = "<group>"; };
/* End PBXFileReference section */

/* Begin PBXFrameworksBuildPhase section */
		92A34E011C57C13500B734A2 /* Frameworks */ = {
			isa = PBXFrameworksBuildPhase;
			buildActionMask = 2147483647;
			files = (
				C4C301E653B2F7881D71F0B5 /* Pods_pin_on_2.framework in Frameworks */,
			);
			runOnlyForDeploymentPostprocessing = 0;
		};
/* End PBXFrameworksBuildPhase section */

/* Begin PBXGroup section */
		51E98F495D5CC6C34FC03FA0 /* Frameworks */ = {
			isa = PBXGroup;
			children = (
				15D9B78533A4F22EA104F696 /* Pods_pin_on_2.framework */,
			);
			name = Frameworks;
			sourceTree = "<group>";
		};
		92A34DFB1C57C13500B734A2 = {
			isa = PBXGroup;
			children = (
				92A34E061C57C13500B734A2 /* pin-on-2 */,
				92A34E051C57C13500B734A2 /* Products */,
				B2394F937FDEB8A0A0C59D66 /* Pods */,
				51E98F495D5CC6C34FC03FA0 /* Frameworks */,
			);
			sourceTree = "<group>";
		};
		92A34E051C57C13500B734A2 /* Products */ = {
			isa = PBXGroup;
			children = (
				92A34E041C57C13500B734A2 /* pin-on-2.app */,
			);
			name = Products;
			sourceTree = "<group>";
		};
		92A34E061C57C13500B734A2 /* pin-on-2 */ = {
			isa = PBXGroup;
			children = (
				92A34E191C57C14100B734A2 /* Model */,
				92A34E1A1C57C14A00B734A2 /* View */,
				92A34E1B1C57C14F00B734A2 /* Controller */,
				92A34E0B1C57C13500B734A2 /* Main.storyboard */,
				92A34E101C57C13500B734A2 /* LaunchScreen.storyboard */,
				92A34E1D1C57C18900B734A2 /* Util */,
				92A34E1E1C57C19300B734A2 /* Source */,
				92A34E1C1C57C16200B734A2 /* SupportFile */,
			);
			path = "pin-on-2";
			sourceTree = "<group>";
		};
		92A34E191C57C14100B734A2 /* Model */ = {
			isa = PBXGroup;
			children = (
			);
			name = Model;
			sourceTree = "<group>";
		};
		92A34E1A1C57C14A00B734A2 /* View */ = {
			isa = PBXGroup;
			children = (
				921A87D51C58FE0800D62352 /* MaterialButton.swift */,
				921A87D71C59000F00D62352 /* MaterialView.swift */,
				921A87D91C59011E00D62352 /* MaterialTextField.swift */,
			);
			name = View;
			sourceTree = "<group>";
		};
		92A34E1B1C57C14F00B734A2 /* Controller */ = {
			isa = PBXGroup;
			children = (
				92A34E091C57C13500B734A2 /* ViewController.swift */,
				921A87E11C5929F300D62352 /* SignupVC.swift */,
			);
			name = Controller;
			sourceTree = "<group>";
		};
		92A34E1C1C57C16200B734A2 /* SupportFile */ = {
			isa = PBXGroup;
			children = (
				92A34E071C57C13500B734A2 /* AppDelegate.swift */,
				92A34E0E1C57C13500B734A2 /* Assets.xcassets */,
				92A34E131C57C13500B734A2 /* Info.plist */,
			);
			name = SupportFile;
			sourceTree = "<group>";
		};
		92A34E1D1C57C18900B734A2 /* Util */ = {
			isa = PBXGroup;
			children = (
				921A87DB1C5905D100D62352 /* Constants.swift */,
				921A87DF1C591AE400D62352 /* DataService.swift */,
			);
			name = Util;
			sourceTree = "<group>";
		};
		92A34E1E1C57C19300B734A2 /* Source */ = {
			isa = PBXGroup;
			children = (
				92A34E1F1C57E0EB00B734A2 /* NotoSans-Bold.ttf */,
				92A34E201C57E0EB00B734A2 /* NotoSans-BoldItalic.ttf */,
				92A34E211C57E0EB00B734A2 /* NotoSans-Italic.ttf */,
				92A34E221C57E0EB00B734A2 /* NotoSans-Regular.ttf */,
			);
			name = Source;
			sourceTree = "<group>";
		};
		B2394F937FDEB8A0A0C59D66 /* Pods */ = {
			isa = PBXGroup;
			children = (
				9C21D70F2139C87FAC11FA9E /* Pods-pin-on-2.debug.xcconfig */,
				97F72FE103306D0E3AD85024 /* Pods-pin-on-2.release.xcconfig */,
			);
			name = Pods;
			sourceTree = "<group>";
		};
/* End PBXGroup section */

/* Begin PBXNativeTarget section */
		92A34E031C57C13500B734A2 /* pin-on-2 */ = {
			isa = PBXNativeTarget;
			buildConfigurationList = 92A34E161C57C13500B734A2 /* Build configuration list for PBXNativeTarget "pin-on-2" */;
			buildPhases = (
				C91F3C1B0C0B1C974BFA42A1 /* Check Pods Manifest.lock */,
				92A34E001C57C13500B734A2 /* Sources */,
				92A34E011C57C13500B734A2 /* Frameworks */,
				92A34E021C57C13500B734A2 /* Resources */,
				6AFB25C70DA5EFFB613F2E12 /* Embed Pods Frameworks */,
				B8E112836CAFBAED4AABFA48 /* Copy Pods Resources */,
			);
			buildRules = (
			);
			dependencies = (
			);
			name = "pin-on-2";
			productName = "pin-on-2";
			productReference = 92A34E041C57C13500B734A2 /* pin-on-2.app */;
			productType = "com.apple.product-type.application";
		};
/* End PBXNativeTarget section */

/* Begin PBXProject section */
		92A34DFC1C57C13500B734A2 /* Project object */ = {
			isa = PBXProject;
			attributes = {
				LastSwiftUpdateCheck = 0720;
				LastUpgradeCheck = 0720;
				ORGANIZATIONNAME = FaceCat;
				TargetAttributes = {
					92A34E031C57C13500B734A2 = {
						CreatedOnToolsVersion = 7.2;
						DevelopmentTeam = ZC6JT4NBEH;
					};
				};
			};
			buildConfigurationList = 92A34DFF1C57C13500B734A2 /* Build configuration list for PBXProject "pin-on-2" */;
			compatibilityVersion = "Xcode 3.2";
			developmentRegion = English;
			hasScannedForEncodings = 0;
			knownRegions = (
				en,
				Base,
			);
			mainGroup = 92A34DFB1C57C13500B734A2;
			productRefGroup = 92A34E051C57C13500B734A2 /* Products */;
			projectDirPath = "";
			projectRoot = "";
			targets = (
				92A34E031C57C13500B734A2 /* pin-on-2 */,
			);
		};
/* End PBXProject section */

/* Begin PBXResourcesBuildPhase section */
		92A34E021C57C13500B734A2 /* Resources */ = {
			isa = PBXResourcesBuildPhase;
			buildActionMask = 2147483647;
			files = (
				92A34E231C57E0EB00B734A2 /* NotoSans-Bold.ttf in Resources */,
				92A34E121C57C13500B734A2 /* LaunchScreen.storyboard in Resources */,
				92A34E241C57E0EB00B734A2 /* NotoSans-BoldItalic.ttf in Resources */,
				92A34E251C57E0EB00B734A2 /* NotoSans-Italic.ttf in Resources */,
				92A34E0F1C57C13500B734A2 /* Assets.xcassets in Resources */,
				92A34E0D1C57C13500B734A2 /* Main.storyboard in Resources */,
				92A34E261C57E0EB00B734A2 /* NotoSans-Regular.ttf in Resources */,
			);
			runOnlyForDeploymentPostprocessing = 0;
		};
/* End PBXResourcesBuildPhase section */

/* Begin PBXShellScriptBuildPhase section */
		6AFB25C70DA5EFFB613F2E12 /* Embed Pods Frameworks */ = {
			isa = PBXShellScriptBuildPhase;
			buildActionMask = 2147483647;
			files = (
			);
			inputPaths = (
			);
			name = "Embed Pods Frameworks";
			outputPaths = (
			);
			runOnlyForDeploymentPostprocessing = 0;
			shellPath = /bin/sh;
			shellScript = "\"${SRCROOT}/Pods/Target Support Files/Pods-pin-on-2/Pods-pin-on-2-frameworks.sh\"\n";
			showEnvVarsInLog = 0;
		};
		B8E112836CAFBAED4AABFA48 /* Copy Pods Resources */ = {
			isa = PBXShellScriptBuildPhase;
			buildActionMask = 2147483647;
			files = (
			);
			inputPaths = (
			);
			name = "Copy Pods Resources";
			outputPaths = (
			);
			runOnlyForDeploymentPostprocessing = 0;
			shellPath = /bin/sh;
			shellScript = "\"${SRCROOT}/Pods/Target Support Files/Pods-pin-on-2/Pods-pin-on-2-resources.sh\"\n";
			showEnvVarsInLog = 0;
		};
		C91F3C1B0C0B1C974BFA42A1 /* Check Pods Manifest.lock */ = {
			isa = PBXShellScriptBuildPhase;
			buildActionMask = 2147483647;
			files = (
			);
			inputPaths = (
			);
			name = "Check Pods Manifest.lock";
			outputPaths = (
			);
			runOnlyForDeploymentPostprocessing = 0;
			shellPath = /bin/sh;
			shellScript = "diff \"${PODS_ROOT}/../Podfile.lock\" \"${PODS_ROOT}/Manifest.lock\" > /dev/null\nif [[ $? != 0 ]] ; then\n    cat << EOM\nerror: The sandbox is not in sync with the Podfile.lock. Run 'pod install' or update your CocoaPods installation.\nEOM\n    exit 1\nfi\n";
			showEnvVarsInLog = 0;
		};
/* End PBXShellScriptBuildPhase section */

/* Begin PBXSourcesBuildPhase section */
		92A34E001C57C13500B734A2 /* Sources */ = {
			isa = PBXSourcesBuildPhase;
			buildActionMask = 2147483647;
			files = (
				921A87E21C5929F300D62352 /* SignupVC.swift in Sources */,
				92A34E0A1C57C13500B734A2 /* ViewController.swift in Sources */,
				921A87E01C591AE400D62352 /* DataService.swift in Sources */,
				92A34E081C57C13500B734A2 /* AppDelegate.swift in Sources */,
				921A87DA1C59011E00D62352 /* MaterialTextField.swift in Sources */,
				921A87D61C58FE0800D62352 /* MaterialButton.swift in Sources */,
				921A87D81C59000F00D62352 /* MaterialView.swift in Sources */,
				921A87DC1C5905D100D62352 /* Constants.swift in Sources */,
			);
			runOnlyForDeploymentPostprocessing = 0;
		};
/* End PBXSourcesBuildPhase section */

/* Begin PBXVariantGroup section */
		92A34E0B1C57C13500B734A2 /* Main.storyboard */ = {
			isa = PBXVariantGroup;
			children = (
				92A34E0C1C57C13500B734A2 /* Base */,
			);
			name = Main.storyboard;
			sourceTree = "<group>";
		};
		92A34E101C57C13500B734A2 /* LaunchScreen.storyboard */ = {
			isa = PBXVariantGroup;
			children = (
				92A34E111C57C13500B734A2 /* Base */,
			);
			name = LaunchScreen.storyboard;
			sourceTree = "<group>";
		};
/* End PBXVariantGroup section */

/* Begin XCBuildConfiguration section */
		92A34E141C57C13500B734A2 /* Debug */ = {
			isa = XCBuildConfiguration;
			buildSettings = {
				ALWAYS_SEARCH_USER_PATHS = NO;
				CLANG_CXX_LANGUAGE_STANDARD = "gnu++0x";
				CLANG_CXX_LIBRARY = "libc++";
				CLANG_ENABLE_MODULES = YES;
				CLANG_ENABLE_OBJC_ARC = YES;
				CLANG_WARN_BOOL_CONVERSION = YES;
				CLANG_WARN_CONSTANT_CONVERSION = YES;
				CLANG_WARN_DIRECT_OBJC_ISA_USAGE = YES_ERROR;
				CLANG_WARN_EMPTY_BODY = YES;
				CLANG_WARN_ENUM_CONVERSION = YES;
				CLANG_WARN_INT_CONVERSION = YES;
				CLANG_WARN_OBJC_ROOT_CLASS = YES_ERROR;
				CLANG_WARN_UNREACHABLE_CODE = YES;
				CLANG_WARN__DUPLICATE_METHOD_MATCH = YES;
				"CODE_SIGN_IDENTITY[sdk=iphoneos*]" = "iPhone Developer";
				COPY_PHASE_STRIP = NO;
				DEBUG_INFORMATION_FORMAT = dwarf;
				ENABLE_STRICT_OBJC_MSGSEND = YES;
				ENABLE_TESTABILITY = YES;
				GCC_C_LANGUAGE_STANDARD = gnu99;
				GCC_DYNAMIC_NO_PIC = NO;
				GCC_NO_COMMON_BLOCKS = YES;
				GCC_OPTIMIZATION_LEVEL = 0;
				GCC_PREPROCESSOR_DEFINITIONS = (
					"DEBUG=1",
					"$(inherited)",
				);
				GCC_WARN_64_TO_32_BIT_CONVERSION = YES;
				GCC_WARN_ABOUT_RETURN_TYPE = YES_ERROR;
				GCC_WARN_UNDECLARED_SELECTOR = YES;
				GCC_WARN_UNINITIALIZED_AUTOS = YES_AGGRESSIVE;
				GCC_WARN_UNUSED_FUNCTION = YES;
				GCC_WARN_UNUSED_VARIABLE = YES;
				IPHONEOS_DEPLOYMENT_TARGET = 9.2;
				MTL_ENABLE_DEBUG_INFO = YES;
				ONLY_ACTIVE_ARCH = YES;
				SDKROOT = iphoneos;
				SWIFT_OPTIMIZATION_LEVEL = "-Onone";
			};
			name = Debug;
		};
		92A34E151C57C13500B734A2 /* Release */ = {
			isa = XCBuildConfiguration;
			buildSettings = {
				ALWAYS_SEARCH_USER_PATHS = NO;
				CLANG_CXX_LANGUAGE_STANDARD = "gnu++0x";
				CLANG_CXX_LIBRARY = "libc++";
				CLANG_ENABLE_MODULES = YES;
				CLANG_ENABLE_OBJC_ARC = YES;
				CLANG_WARN_BOOL_CONVERSION = YES;
				CLANG_WARN_CONSTANT_CONVERSION = YES;
				CLANG_WARN_DIRECT_OBJC_ISA_USAGE = YES_ERROR;
				CLANG_WARN_EMPTY_BODY = YES;
				CLANG_WARN_ENUM_CONVERSION = YES;
				CLANG_WARN_INT_CONVERSION = YES;
				CLANG_WARN_OBJC_ROOT_CLASS = YES_ERROR;
				CLANG_WARN_UNREACHABLE_CODE = YES;
				CLANG_WARN__DUPLICATE_METHOD_MATCH = YES;
				"CODE_SIGN_IDENTITY[sdk=iphoneos*]" = "iPhone Developer";
				COPY_PHASE_STRIP = NO;
				DEBUG_INFORMATION_FORMAT = "dwarf-with-dsym";
				ENABLE_NS_ASSERTIONS = NO;
				ENABLE_STRICT_OBJC_MSGSEND = YES;
				GCC_C_LANGUAGE_STANDARD = gnu99;
				GCC_NO_COMMON_BLOCKS = YES;
				GCC_WARN_64_TO_32_BIT_CONVERSION = YES;
				GCC_WARN_ABOUT_RETURN_TYPE = YES_ERROR;
				GCC_WARN_UNDECLARED_SELECTOR = YES;
				GCC_WARN_UNINITIALIZED_AUTOS = YES_AGGRESSIVE;
				GCC_WARN_UNUSED_FUNCTION = YES;
				GCC_WARN_UNUSED_VARIABLE = YES;
				IPHONEOS_DEPLOYMENT_TARGET = 9.2;
				MTL_ENABLE_DEBUG_INFO = NO;
				SDKROOT = iphoneos;
				VALIDATE_PRODUCT = YES;
			};
			name = Release;
		};
		92A34E171C57C13500B734A2 /* Debug */ = {
			isa = XCBuildConfiguration;
			baseConfigurationReference = 9C21D70F2139C87FAC11FA9E /* Pods-pin-on-2.debug.xcconfig */;
			buildSettings = {
				ASSETCATALOG_COMPILER_APPICON_NAME = AppIcon;
				INFOPLIST_FILE = "pin-on-2/Info.plist";
				LD_RUNPATH_SEARCH_PATHS = "$(inherited) @executable_path/Frameworks";
				PRODUCT_BUNDLE_IDENTIFIER = "com.FaceCat.pin-on-2";
				PRODUCT_NAME = "$(TARGET_NAME)";
			};
			name = Debug;
		};
		92A34E181C57C13500B734A2 /* Release */ = {
			isa = XCBuildConfiguration;
			baseConfigurationReference = 97F72FE103306D0E3AD85024 /* Pods-pin-on-2.release.xcconfig */;
			buildSettings = {
				ASSETCATALOG_COMPILER_APPICON_NAME = AppIcon;
				INFOPLIST_FILE = "pin-on-2/Info.plist";
				LD_RUNPATH_SEARCH_PATHS = "$(inherited) @executable_path/Frameworks";
				PRODUCT_BUNDLE_IDENTIFIER = "com.FaceCat.pin-on-2";
				PRODUCT_NAME = "$(TARGET_NAME)";
			};
			name = Release;
		};
/* End XCBuildConfiguration section */

/* Begin XCConfigurationList section */
		92A34DFF1C57C13500B734A2 /* Build configuration list for PBXProject "pin-on-2" */ = {
			isa = XCConfigurationList;
			buildConfigurations = (
				92A34E141C57C13500B734A2 /* Debug */,
				92A34E151C57C13500B734A2 /* Release */,
			);
			defaultConfigurationIsVisible = 0;
			defaultConfigurationName = Release;
		};
		92A34E161C57C13500B734A2 /* Build configuration list for PBXNativeTarget "pin-on-2" */ = {
			isa = XCConfigurationList;
			buildConfigurations = (
				92A34E171C57C13500B734A2 /* Debug */,
				92A34E181C57C13500B734A2 /* Release */,
			);
			defaultConfigurationIsVisible = 0;
			defaultConfigurationName = Release;
		};
/* End XCConfigurationList section */
	};
	rootObject = 92A34DFC1C57C13500B734A2 /* Project object */;
}
